
Microsoft Visual Studio Solution File, Format Version 12.00
# Visual Studio Version 16
VisualStudioVersion = 16.0.29709.97
MinimumVisualStudioVersion = 10.0.40219.1
Project("{FAE04EC0-301F-11D3-BF4B-00C04F79EFBC}") = "matrix", "matrix\matrix.csproj", "{3B95CC15-B560-4579-B10E-86DFDEB880A1}"
EndProject
Global
	GlobalSection(SolutionConfigurationPlatforms) = preSolution
		Debug|Any CPU = Debug|Any CPU
		Release|Any CPU = Release|Any CPU
	EndGlobalSection
	GlobalSection(ProjectConfigurationPlatforms) = postSolution
		{3B95CC15-B560-4579-B10E-86DFDEB880A1}.Debug|Any CPU.ActiveCfg = Debug|Any CPU
		{3B95CC15-B560-4579-B10E-86DFDEB880A1}.Debug|Any CPU.Build.0 = Debug|Any CPU
		{3B95CC15-B560-4579-B10E-86DFDEB880A1}.Release|Any CPU.ActiveCfg = Release|Any CPU
		{3B95CC15-B560-4579-B10E-86DFDEB880A1}.Release|Any CPU.Build.0 = Release|Any CPU
	EndGlobalSection
	GlobalSection(SolutionProperties) = preSolution
		HideSolutionNode = FALSE
	EndGlobalSection
	GlobalSection(ExtensibilityGlobals) = postSolution
		SolutionGuid = {89E66E58-588B-4C7C-ABA5-0F9734C47D12}
	EndGlobalSection
EndGlobal
